# NEGATIVE FIXTURE for the lockfile URL-form gate — this planted lockfile
# snippet INTENTIONALLY carries an SSH-form git URL. The gate must flag it.
importers:
  .:
    dependencies:
      '@platform/contracts':
        specifier: git@github.com:beurni2/platform-contracts.git#ba6f16d78a2a5a13ff6877237cef6d77d35d8d65&path:packages/contracts
        version: 'git@github.com:beurni2/platform-contracts.git#ba6f16d78a2a5a13ff6877237cef6d77d35d8d65&path:packages/contracts'
